
Microsoft Visual Studio Solution File, Format Version 12.00
# Visual Studio Version 17
VisualStudioVersion = 17.13.35825.156 d17.13
MinimumVisualStudioVersion = 10.0.40219.1
Project("{FAE04EC0-301F-11D3-BF4B-00C04F79EFBC}") = "EcoSphere", "EcoSphere\EcoSphere.csproj", "{C50F1E88-4735-403E-AB7A-2121AF0A10CD}"
EndProject
Global
	GlobalSection(SolutionConfigurationPlatforms) = preSolution
		Debug|Any CPU = Debug|Any CPU
		Release|Any CPU = Release|Any CPU
	EndGlobalSection
	GlobalSection(ProjectConfigurationPlatforms) = postSolution
		{C50F1E88-4735-403E-AB7A-2121AF0A10CD}.Debug|Any CPU.ActiveCfg = Debug|Any CPU
		{C50F1E88-4735-403E-AB7A-2121AF0A10CD}.Debug|Any CPU.Build.0 = Debug|Any CPU
		{C50F1E88-4735-403E-AB7A-2121AF0A10CD}.Release|Any CPU.ActiveCfg = Release|Any CPU
		{C50F1E88-4735-403E-AB7A-2121AF0A10CD}.Release|Any CPU.Build.0 = Release|Any CPU
	EndGlobalSection
	GlobalSection(SolutionProperties) = preSolution
		HideSolutionNode = FALSE
	EndGlobalSection
	GlobalSection(ExtensibilityGlobals) = postSolution
		SolutionGuid = {11BF589D-A271-438F-9BAC-AB0F685652C5}
	EndGlobalSection
EndGlobal
